{
  "version": 4,
  "terraform_version": "1.2.6",
  "serial": 37,
  "lineage": "e4cd49fa-2426-0412-2060-8e28fe25df88",
  "outputs": {},
  "resources": [
    {
      "mode": "data",
      "type": "scaleway_account_project",
      "name": "prod",
      "provider": "provider[\"registry.terraform.io/scaleway/scaleway\"]",
      "instances": [
        {
          "schema_version": 0,
          "attributes": {
            "created_at": "2023-01-05T21:07:58Z",
            "description": "",
            "id": "26315719-5e51-4dc0-a138-fa5f2179f586",
            "name": "prod",
            "organization_id": "953f4e36-93e8-4dce-8565-317e9ab6e9ba",
            "project_id": "26315719-5e51-4dc0-a138-fa5f2179f586",
            "updated_at": "2023-01-05T21:07:58Z"
          },
          "sensitive_attributes": []
        }
      ]
    },
    {
      "mode": "data",
      "type": "scaleway_account_project",
      "name": "staging",
      "provider": "provider[\"registry.terraform.io/scaleway/scaleway\"]",
      "instances": [
        {
          "schema_version": 0,
          "attributes": {
            "created_at": "2023-01-05T21:08:06Z",
            "description": "",
            "id": "9d003882-2ba2-4083-bb82-44322ec7bf8d",
            "name": "staging",
            "organization_id": "953f4e36-93e8-4dce-8565-317e9ab6e9ba",
            "project_id": "9d003882-2ba2-4083-bb82-44322ec7bf8d",
            "updated_at": "2023-01-05T21:08:06Z"
          },
          "sensitive_attributes": []
        }
      ]
    },
    {
      "mode": "data",
      "type": "scaleway_iam_user",
      "name": "moi",
      "provider": "provider[\"registry.terraform.io/scaleway/scaleway\"]",
      "instances": [
        {
          "schema_version": 0,
          "attributes": {
            "email": "thomas@anvir.fr",
            "id": "72813d57-769e-493e-8694-8e6495790d68",
            "organization_id": "",
            "user_id": "72813d57-769e-493e-8694-8e6495790d68"
          },
          "sensitive_attributes": []
        }
      ]
    },
    {
      "mode": "managed",
      "type": "scaleway_iam_application",
      "name": "app",
      "provider": "provider[\"registry.terraform.io/scaleway/scaleway\"]",
      "instances": [
        {
          "index_key": 0,
          "schema_version": 0,
          "attributes": {
            "created_at": "2023-01-05T20:34:04Z",
            "description": "A simple application to create",
            "editable": true,
            "id": "20a7f594-37cc-4ba2-8f52-9f1bdc3d7204",
            "name": "poc-application-front",
            "organization_id": "953f4e36-93e8-4dce-8565-317e9ab6e9ba",
            "updated_at": "2023-01-05T20:37:33Z"
          },
          "sensitive_attributes": [],
          "private": "bnVsbA=="
        },
        {
          "index_key": 1,
          "schema_version": 0,
          "attributes": {
            "created_at": "2023-01-05T20:34:51Z",
            "description": "A simple application to create",
            "editable": true,
            "id": "e36a7af9-5387-4e3e-ac98-84b82ec1e22d",
            "name": "poc-application-back",
            "organization_id": "953f4e36-93e8-4dce-8565-317e9ab6e9ba",
            "updated_at": "2023-01-05T20:37:33Z"
          },
          "sensitive_attributes": [],
          "private": "bnVsbA=="
        },
        {
          "index_key": 2,
          "schema_version": 0,
          "attributes": {
            "created_at": "2023-01-05T20:34:51Z",
            "description": "A simple application to create",
            "editable": true,
            "id": "a416fb50-621a-4ea8-9eec-f677ad4cad14",
            "name": "poc-application-admin",
            "organization_id": "953f4e36-93e8-4dce-8565-317e9ab6e9ba",
            "updated_at": "2023-01-05T20:37:33Z"
          },
          "sensitive_attributes": [],
          "private": "bnVsbA=="
        }
      ]
    },
    {
      "mode": "managed",
      "type": "scaleway_iam_group",
      "name": "dev",
      "provider": "provider[\"registry.terraform.io/scaleway/scaleway\"]",
      "instances": [
        {
          "schema_version": 0,
          "attributes": {
            "application_ids": [
              "20a7f594-37cc-4ba2-8f52-9f1bdc3d7204",
              "e36a7af9-5387-4e3e-ac98-84b82ec1e22d"
            ],
            "created_at": "2023-01-05T20:48:41Z",
            "description": "",
            "id": "5193ca9a-0ad1-4858-ae54-12088476b3fa",
            "name": "dev_group",
            "organization_id": "953f4e36-93e8-4dce-8565-317e9ab6e9ba",
            "updated_at": "2023-01-05T20:48:41Z",
            "user_ids": []
          },
          "sensitive_attributes": [],
          "private": "bnVsbA==",
          "dependencies": [
            "scaleway_iam_application.app"
          ]
        }
      ]
    },
    {
      "mode": "managed",
      "type": "scaleway_iam_group",
      "name": "ops",
      "provider": "provider[\"registry.terraform.io/scaleway/scaleway\"]",
      "instances": [
        {
          "schema_version": 0,
          "attributes": {
            "application_ids": [
              "a416fb50-621a-4ea8-9eec-f677ad4cad14"
            ],
            "created_at": "2023-01-05T20:50:54Z",
            "description": "",
            "id": "36e55612-267c-4207-9197-bfe5dc80c406",
            "name": "ops_group",
            "organization_id": "953f4e36-93e8-4dce-8565-317e9ab6e9ba",
            "updated_at": "2023-01-05T20:50:54Z",
            "user_ids": [
              "72813d57-769e-493e-8694-8e6495790d68"
            ]
          },
          "sensitive_attributes": [],
          "private": "bnVsbA==",
          "dependencies": [
            "data.scaleway_iam_user.moi",
            "scaleway_iam_application.app"
          ]
        }
      ]
    },
    {
      "mode": "managed",
      "type": "scaleway_iam_policy",
      "name": "dev",
      "provider": "provider[\"registry.terraform.io/scaleway/scaleway\"]",
      "instances": [
        {
          "schema_version": 0,
          "attributes": {
            "application_id": null,
            "created_at": "2023-01-05T21:18:45Z",
            "description": "",
            "editable": true,
            "group_id": "5193ca9a-0ad1-4858-ae54-12088476b3fa",
            "id": "26f82f42-3ea0-4ab9-83c4-158b0de92594",
            "name": "developers permissions",
            "no_principal": false,
            "organization_id": "953f4e36-93e8-4dce-8565-317e9ab6e9ba",
            "rule": [
              {
                "organization_id": "",
                "permission_set_names": [
                  "InstancesReadOnly",
                  "KubernetesReadOnly",
                  "ObjectStorageBucketsRead"
                ],
                "project_ids": [
                  "9d003882-2ba2-4083-bb82-44322ec7bf8d"
                ]
              },
              {
                "organization_id": "",
                "permission_set_names": [
                  "ObjectStorageObjectsWrite"
                ],
                "project_ids": [
                  "9d003882-2ba2-4083-bb82-44322ec7bf8d"
                ]
              }
            ],
            "updated_at": "2023-01-05T21:29:42Z",
            "user_id": null
          },
          "sensitive_attributes": [],
          "private": "bnVsbA==",
          "dependencies": [
            "data.scaleway_account_project.staging",
            "scaleway_iam_group.dev"
          ]
        }
      ]
    },
    {
      "mode": "managed",
      "type": "scaleway_iam_policy",
      "name": "ops",
      "provider": "provider[\"registry.terraform.io/scaleway/scaleway\"]",
      "instances": [
        {
          "schema_version": 0,
          "attributes": {
            "application_id": null,
            "created_at": "2023-01-05T21:18:45Z",
            "description": "",
            "editable": true,
            "group_id": "36e55612-267c-4207-9197-bfe5dc80c406",
            "id": "40c09b9d-be72-4a5d-9486-433d43b2a01d",
            "name": "SRE permissions",
            "no_principal": false,
            "organization_id": "953f4e36-93e8-4dce-8565-317e9ab6e9ba",
            "rule": [
              {
                "organization_id": "",
                "permission_set_names": [
                  "InstancesFullAccess",
                  "KubernetesFullAccess",
                  "ObjectStorageBucketsRead",
                  "ObjectStorageObjectsWrite"
                ],
                "project_ids": [
                  "26315719-5e51-4dc0-a138-fa5f2179f586",
                  "9d003882-2ba2-4083-bb82-44322ec7bf8d"
                ]
              }
            ],
            "updated_at": "2023-01-05T21:29:42Z",
            "user_id": null
          },
          "sensitive_attributes": [],
          "private": "bnVsbA==",
          "dependencies": [
            "data.scaleway_account_project.prod",
            "data.scaleway_account_project.staging",
            "scaleway_iam_group.ops"
          ]
        }
      ]
    }
  ]
}
